github.com/joho/godotenv v1.3.0 h1:Zjp+RcGpHhGlrMbJzXTrZZPrWj+1vfm90La1wgB6Bhc=
github.com/joho/godotenv v1.3.0/go.mod h1:7hK45KPybAkOC6peb+G5yklZfMxEjkZhHbwpqxOKXbg=
github.com/lib/pq v1.3.0 h1:/qkRGz8zljWiDcFvgpwUpwIAPu3r07TDvs3Rws+o/pU=
github.com/lib/pq v1.3.0/go.mod h1:5WUZQaWbwv1U+lTReE5YruASi9Al49XbQIvNi/34Woo=
github.com/stripe/stripe-go v1.0.3 h1:RHgK2FUKawVNBPJ15pNM4IWkEVVCg5Ju3xK5QZNhTwY=
github.com/stripe/stripe-go v70.5.0+incompatible h1:pvVmoGJRmiVCy0F+Oqk2s5YkxW4vSeF/rQQnxBGsOEQ=
github.com/stripe/stripe-go v70.5.0+incompatible/go.mod h1:A1dQZmO/QypXmsL0T8axYZkSN/uA/T/A64pfKdBAMiY=
